{
  "name": "boostrap-lesson",
  "version": "1.0.0",
  "lockfileVersion": 1,
  "requires": true,
  "dependencies": {
    "bootstrap": {
      "version": "5.0.2",
      "resolved": "https://registry.npmjs.org/bootstrap/-/bootstrap-5.0.2.tgz",
      "integrity": "sha512-1Ge963tyEQWJJ+8qtXFU6wgmAVj9gweEjibUdbmcCEYsn38tVwRk8107rk2vzt6cfQcRr3SlZ8aQBqaD8aqf+Q=="
    },
    "material-icons": {
      "version": "0.7.6",
      "resolved": "https://registry.npmjs.org/material-icons/-/material-icons-0.7.6.tgz",
      "integrity": "sha512-jvMsSxU5PSlCkx+OxmBQtHMuzlbPYEhMZE69H/dDUXXXY4IHhFUZLm/T8fa1cJ68WlWpcyUI9QguAj6hOIwc/g=="
    }
  }
}
